Microsoft Visual Studio Solution File, Format Version 11.00
# Visual Studio 2008

Project("{063E0926-04B1-D410-30A5-101AB48170E1}") = "TrashRobotGame", "Assembly-CSharp-firstpass.csproj", "{0BCF5E11-40D3-E668-9233-FE83076B01CB}"
EndProject
Project("{063E0926-04B1-D410-30A5-101AB48170E1}") = "TrashRobotGame", "Assembly-CSharp.csproj", "{89D4F755-C2C9-0737-EE9C-86AB40ECE54A}"
EndProject
Project("{063E0926-04B1-D410-30A5-101AB48170E1}") = "TrashRobotGame", "Assembly-CSharp-Editor.csproj", "{F3E5E344-F213-F828-B618-4DA1377A7525}"
EndProject
Global
	GlobalSection(SolutionConfigurationPlatforms) = preSolution
		Debug|Any CPU = Debug|Any CPU
		Release|Any CPU = Release|Any CPU
	EndGlobalSection
	GlobalSection(ProjectConfigurationPlatforms) = postSolution
		{0BCF5E11-40D3-E668-9233-FE83076B01CB}.Debug|Any CPU.ActiveCfg = Debug|Any CPU
		{0BCF5E11-40D3-E668-9233-FE83076B01CB}.Debug|Any CPU.Build.0 = Debug|Any CPU
		{0BCF5E11-40D3-E668-9233-FE83076B01CB}.Release|Any CPU.ActiveCfg = Release|Any CPU
		{0BCF5E11-40D3-E668-9233-FE83076B01CB}.Release|Any CPU.Build.0 = Release|Any CPU
		{89D4F755-C2C9-0737-EE9C-86AB40ECE54A}.Debug|Any CPU.ActiveCfg = Debug|Any CPU
		{89D4F755-C2C9-0737-EE9C-86AB40ECE54A}.Debug|Any CPU.Build.0 = Debug|Any CPU
		{89D4F755-C2C9-0737-EE9C-86AB40ECE54A}.Release|Any CPU.ActiveCfg = Release|Any CPU
		{89D4F755-C2C9-0737-EE9C-86AB40ECE54A}.Release|Any CPU.Build.0 = Release|Any CPU
		{F3E5E344-F213-F828-B618-4DA1377A7525}.Debug|Any CPU.ActiveCfg = Debug|Any CPU
		{F3E5E344-F213-F828-B618-4DA1377A7525}.Debug|Any CPU.Build.0 = Debug|Any CPU
		{F3E5E344-F213-F828-B618-4DA1377A7525}.Release|Any CPU.ActiveCfg = Release|Any CPU
		{F3E5E344-F213-F828-B618-4DA1377A7525}.Release|Any CPU.Build.0 = Release|Any CPU
	EndGlobalSection
	GlobalSection(SolutionProperties) = preSolution
		HideSolutionNode = FALSE
	EndGlobalSection
	GlobalSection(MonoDevelopProperties) = preSolution
		StartupItem = Assembly-CSharp.csproj
	EndGlobalSection
EndGlobal
